
Microsoft Visual Studio Solution File, Format Version 12.00
# Visual Studio Version 16
VisualStudioVersion = 16.0.30611.23
MinimumVisualStudioVersion = 10.0.40219.1
Project("{FAE04EC0-301F-11D3-BF4B-00C04F79EFBC}") = "Generic Array Creator", "Generic Array Creator\Generic Array Creator.csproj", "{23E6B878-97AE-4106-B785-232AA94227FD}"
EndProject
Global
	GlobalSection(SolutionConfigurationPlatforms) = preSolution
		Debug|Any CPU = Debug|Any CPU
		Release|Any CPU = Release|Any CPU
	EndGlobalSection
	GlobalSection(ProjectConfigurationPlatforms) = postSolution
		{23E6B878-97AE-4106-B785-232AA94227FD}.Debug|Any CPU.ActiveCfg = Debug|Any CPU
		{23E6B878-97AE-4106-B785-232AA94227FD}.Debug|Any CPU.Build.0 = Debug|Any CPU
		{23E6B878-97AE-4106-B785-232AA94227FD}.Release|Any CPU.ActiveCfg = Release|Any CPU
		{23E6B878-97AE-4106-B785-232AA94227FD}.Release|Any CPU.Build.0 = Release|Any CPU
	EndGlobalSection
	GlobalSection(SolutionProperties) = preSolution
		HideSolutionNode = FALSE
	EndGlobalSection
	GlobalSection(ExtensibilityGlobals) = postSolution
		SolutionGuid = {3CF04A7C-2BDE-4EBE-BF94-E2C547CC84FD}
	EndGlobalSection
EndGlobal
